
Microsoft Visual Studio Solution File, Format Version 12.00
# Visual Studio 14
VisualStudioVersion = 14.0.23107.0
MinimumVisualStudioVersion = 10.0.40219.1
Project("{FAE04EC0-301F-11D3-BF4B-00C04F79EFBC}") = "Kaffeplaneten", "Kaffeplaneten\Kaffeplaneten.csproj", "{223F4497-B4F3-42DF-BDFA-46A3201370CE}"
EndProject
Project("{FAE04EC0-301F-11D3-BF4B-00C04F79EFBC}") = "Administrasjon", "Administrasjon\Administrasjon.csproj", "{C370B5E4-895C-4E29-9BF7-653B97FB8FAB}"
EndProject
Project("{FAE04EC0-301F-11D3-BF4B-00C04F79EFBC}") = "Models", "Model\Models.csproj", "{36742B1E-CC85-48B6-AAFC-A673D40EBE70}"
EndProject
Project("{FAE04EC0-301F-11D3-BF4B-00C04F79EFBC}") = "DAL", "DAL\DAL.csproj", "{67E79519-BA4E-462D-9AED-33451EA505A7}"
EndProject
Project("{FAE04EC0-301F-11D3-BF4B-00C04F79EFBC}") = "BLL", "BLL\BLL.csproj", "{B3A660DC-9406-4982-B83C-3EDB0C773424}"
EndProject
Project("{FAE04EC0-301F-11D3-BF4B-00C04F79EFBC}") = "Stubs", "Stubs\Stubs.csproj", "{CA632828-724E-4B58-96C1-4495BFE8047E}"
EndProject
Project("{FAE04EC0-301F-11D3-BF4B-00C04F79EFBC}") = "UnitTest", "UnitTest\UnitTest.csproj", "{573DEE9D-8FA8-4AA3-9792-FE04AA10B801}"
EndProject
Global
	GlobalSection(SolutionConfigurationPlatforms) = preSolution
		Debug|Any CPU = Debug|Any CPU
		Release|Any CPU = Release|Any CPU
	EndGlobalSection
	GlobalSection(ProjectConfigurationPlatforms) = postSolution
		{223F4497-B4F3-42DF-BDFA-46A3201370CE}.Debug|Any CPU.ActiveCfg = Debug|Any CPU
		{223F4497-B4F3-42DF-BDFA-46A3201370CE}.Debug|Any CPU.Build.0 = Debug|Any CPU
		{223F4497-B4F3-42DF-BDFA-46A3201370CE}.Release|Any CPU.ActiveCfg = Release|Any CPU
		{223F4497-B4F3-42DF-BDFA-46A3201370CE}.Release|Any CPU.Build.0 = Release|Any CPU
		{C370B5E4-895C-4E29-9BF7-653B97FB8FAB}.Debug|Any CPU.ActiveCfg = Debug|Any CPU
		{C370B5E4-895C-4E29-9BF7-653B97FB8FAB}.Debug|Any CPU.Build.0 = Debug|Any CPU
		{C370B5E4-895C-4E29-9BF7-653B97FB8FAB}.Release|Any CPU.ActiveCfg = Release|Any CPU
		{C370B5E4-895C-4E29-9BF7-653B97FB8FAB}.Release|Any CPU.Build.0 = Release|Any CPU
		{36742B1E-CC85-48B6-AAFC-A673D40EBE70}.Debug|Any CPU.ActiveCfg = Debug|Any CPU
		{36742B1E-CC85-48B6-AAFC-A673D40EBE70}.Debug|Any CPU.Build.0 = Debug|Any CPU
		{36742B1E-CC85-48B6-AAFC-A673D40EBE70}.Release|Any CPU.ActiveCfg = Release|Any CPU
		{36742B1E-CC85-48B6-AAFC-A673D40EBE70}.Release|Any CPU.Build.0 = Release|Any CPU
		{67E79519-BA4E-462D-9AED-33451EA505A7}.Debug|Any CPU.ActiveCfg = Debug|Any CPU
		{67E79519-BA4E-462D-9AED-33451EA505A7}.Debug|Any CPU.Build.0 = Debug|Any CPU
		{67E79519-BA4E-462D-9AED-33451EA505A7}.Release|Any CPU.ActiveCfg = Release|Any CPU
		{67E79519-BA4E-462D-9AED-33451EA505A7}.Release|Any CPU.Build.0 = Release|Any CPU
		{B3A660DC-9406-4982-B83C-3EDB0C773424}.Debug|Any CPU.ActiveCfg = Debug|Any CPU
		{B3A660DC-9406-4982-B83C-3EDB0C773424}.Debug|Any CPU.Build.0 = Debug|Any CPU
		{B3A660DC-9406-4982-B83C-3EDB0C773424}.Release|Any CPU.ActiveCfg = Release|Any CPU
		{B3A660DC-9406-4982-B83C-3EDB0C773424}.Release|Any CPU.Build.0 = Release|Any CPU
		{CA632828-724E-4B58-96C1-4495BFE8047E}.Debug|Any CPU.ActiveCfg = Debug|Any CPU
		{CA632828-724E-4B58-96C1-4495BFE8047E}.Debug|Any CPU.Build.0 = Debug|Any CPU
		{CA632828-724E-4B58-96C1-4495BFE8047E}.Release|Any CPU.ActiveCfg = Release|Any CPU
		{CA632828-724E-4B58-96C1-4495BFE8047E}.Release|Any CPU.Build.0 = Release|Any CPU
		{573DEE9D-8FA8-4AA3-9792-FE04AA10B801}.Debug|Any CPU.ActiveCfg = Debug|Any CPU
		{573DEE9D-8FA8-4AA3-9792-FE04AA10B801}.Debug|Any CPU.Build.0 = Debug|Any CPU
		{573DEE9D-8FA8-4AA3-9792-FE04AA10B801}.Release|Any CPU.ActiveCfg = Release|Any CPU
		{573DEE9D-8FA8-4AA3-9792-FE04AA10B801}.Release|Any CPU.Build.0 = Release|Any CPU
	EndGlobalSection
	GlobalSection(SolutionProperties) = preSolution
		HideSolutionNode = FALSE
	EndGlobalSection
	GlobalSection(ExtensibilityGlobals) = postSolution
		EnterpriseLibraryConfigurationToolBinariesPathV6 = packages\EnterpriseLibrary.Common.6.0.1304.0\lib\NET45;packages\EnterpriseLibrary.Logging.6.0.1304.0\lib\NET45
	EndGlobalSection
EndGlobal
