
Microsoft Visual Studio Solution File, Format Version 12.00
# Visual Studio 14
VisualStudioVersion = 14.0.23107.0
MinimumVisualStudioVersion = 10.0.40219.1
Project("{FAE04EC0-301F-11D3-BF4B-00C04F79EFBC}") = "Kaffeplaneten", "Kaffeplaneten\Kaffeplaneten.csproj", "{223F4497-B4F3-42DF-BDFA-46A3201370CE}"
EndProject
Global
	GlobalSection(SolutionConfigurationPlatforms) = preSolution
		Debug|Any CPU = Debug|Any CPU
		Release|Any CPU = Release|Any CPU
	EndGlobalSection
	GlobalSection(ProjectConfigurationPlatforms) = postSolution
		{223F4497-B4F3-42DF-BDFA-46A3201370CE}.Debug|Any CPU.ActiveCfg = Debug|Any CPU
		{223F4497-B4F3-42DF-BDFA-46A3201370CE}.Debug|Any CPU.Build.0 = Debug|Any CPU
		{223F4497-B4F3-42DF-BDFA-46A3201370CE}.Release|Any CPU.ActiveCfg = Release|Any CPU
		{223F4497-B4F3-42DF-BDFA-46A3201370CE}.Release|Any CPU.Build.0 = Release|Any CPU
	EndGlobalSection
	GlobalSection(SolutionProperties) = preSolution
		HideSolutionNode = FALSE
	EndGlobalSection
EndGlobal
